
Microsoft Visual Studio Solution File, Format Version 12.00
# Visual Studio Version 17
VisualStudioVersion = 17.6.33815.320
MinimumVisualStudioVersion = 10.0.40219.1
Project("{FAE04EC0-301F-11D3-BF4B-00C04F79EFBC}") = "ChallengeApplication", "ChallengeApplication\ChallengeApplication.csproj", "{9DA25CAF-C028-4EFE-8825-0716ABD33B73}"
EndProject
Global
	GlobalSection(SolutionConfigurationPlatforms) = preSolution
		Debug|Any CPU = Debug|Any CPU
		Release|Any CPU = Release|Any CPU
	EndGlobalSection
	GlobalSection(ProjectConfigurationPlatforms) = postSolution
		{9DA25CAF-C028-4EFE-8825-0716ABD33B73}.Debug|Any CPU.ActiveCfg = Debug|Any CPU
		{9DA25CAF-C028-4EFE-8825-0716ABD33B73}.Debug|Any CPU.Build.0 = Debug|Any CPU
		{9DA25CAF-C028-4EFE-8825-0716ABD33B73}.Release|Any CPU.ActiveCfg = Release|Any CPU
		{9DA25CAF-C028-4EFE-8825-0716ABD33B73}.Release|Any CPU.Build.0 = Release|Any CPU
	EndGlobalSection
	GlobalSection(SolutionProperties) = preSolution
		HideSolutionNode = FALSE
	EndGlobalSection
	GlobalSection(ExtensibilityGlobals) = postSolution
		SolutionGuid = {6E743B55-9F64-4DCF-AB59-46F171F6F24A}
	EndGlobalSection
EndGlobal
